
Microsoft Visual Studio Solution File, Format Version 12.00
# Visual Studio Version 17
VisualStudioVersion = 17.9.34607.119
MinimumVisualStudioVersion = 10.0.40219.1
Project("{9A19103F-16F7-4668-BE54-9A1E7A4F7556}") = "Bmp.WebAPI", "BmpWebAPI\Bmp.WebAPI.csproj", "{338F65A1-D608-4F34-ACEE-8D3A8F5E0330}"
	ProjectSection(ProjectDependencies) = postProject
		{3AA50FE6-070B-42E4-B595-52F345E23EB7} = {3AA50FE6-070B-42E4-B595-52F345E23EB7}
		{58DA991E-E070-4200-A064-5452E5D43FD2} = {58DA991E-E070-4200-A064-5452E5D43FD2}
	EndProjectSection
EndProject
Project("{9A19103F-16F7-4668-BE54-9A1E7A4F7556}") = "Bmp.Business", "Bmp.Business\Bmp.Business.csproj", "{DF9136C0-EAF8-43D2-97A4-EA5CD8AC18C9}"
	ProjectSection(ProjectDependencies) = postProject
		{3AA50FE6-070B-42E4-B595-52F345E23EB7} = {3AA50FE6-070B-42E4-B595-52F345E23EB7}
		{935F3DB5-776C-438E-928B-5C405D19949B} = {935F3DB5-776C-438E-928B-5C405D19949B}
	EndProjectSection
EndProject
Project("{9A19103F-16F7-4668-BE54-9A1E7A4F7556}") = "Bmp.DataAccess", "Bmp.DataAccess\Bmp.DataAccess.csproj", "{935F3DB5-776C-438E-928B-5C405D19949B}"
EndProject
Project("{9A19103F-16F7-4668-BE54-9A1E7A4F7556}") = "Bmp.Entities", "Bmp.Entities\Bmp.Entities.csproj", "{3AA50FE6-070B-42E4-B595-52F345E23EB7}"
EndProject
Project("{9A19103F-16F7-4668-BE54-9A1E7A4F7556}") = "Bmp.Core", "Bmp.Core\Bmp.Core.csproj", "{58DA991E-E070-4200-A064-5452E5D43FD2}"
EndProject
Global
	GlobalSection(SolutionConfigurationPlatforms) = preSolution
		Debug|Any CPU = Debug|Any CPU
		Release|Any CPU = Release|Any CPU
	EndGlobalSection
	GlobalSection(ProjectConfigurationPlatforms) = postSolution
		{338F65A1-D608-4F34-ACEE-8D3A8F5E0330}.Debug|Any CPU.ActiveCfg = Debug|Any CPU
		{338F65A1-D608-4F34-ACEE-8D3A8F5E0330}.Debug|Any CPU.Build.0 = Debug|Any CPU
		{338F65A1-D608-4F34-ACEE-8D3A8F5E0330}.Release|Any CPU.ActiveCfg = Release|Any CPU
		{338F65A1-D608-4F34-ACEE-8D3A8F5E0330}.Release|Any CPU.Build.0 = Release|Any CPU
		{DF9136C0-EAF8-43D2-97A4-EA5CD8AC18C9}.Debug|Any CPU.ActiveCfg = Debug|Any CPU
		{DF9136C0-EAF8-43D2-97A4-EA5CD8AC18C9}.Debug|Any CPU.Build.0 = Debug|Any CPU
		{DF9136C0-EAF8-43D2-97A4-EA5CD8AC18C9}.Release|Any CPU.ActiveCfg = Release|Any CPU
		{DF9136C0-EAF8-43D2-97A4-EA5CD8AC18C9}.Release|Any CPU.Build.0 = Release|Any CPU
		{935F3DB5-776C-438E-928B-5C405D19949B}.Debug|Any CPU.ActiveCfg = Debug|Any CPU
		{935F3DB5-776C-438E-928B-5C405D19949B}.Debug|Any CPU.Build.0 = Debug|Any CPU
		{935F3DB5-776C-438E-928B-5C405D19949B}.Release|Any CPU.ActiveCfg = Release|Any CPU
		{935F3DB5-776C-438E-928B-5C405D19949B}.Release|Any CPU.Build.0 = Release|Any CPU
		{3AA50FE6-070B-42E4-B595-52F345E23EB7}.Debug|Any CPU.ActiveCfg = Debug|Any CPU
		{3AA50FE6-070B-42E4-B595-52F345E23EB7}.Debug|Any CPU.Build.0 = Debug|Any CPU
		{3AA50FE6-070B-42E4-B595-52F345E23EB7}.Release|Any CPU.ActiveCfg = Release|Any CPU
		{3AA50FE6-070B-42E4-B595-52F345E23EB7}.Release|Any CPU.Build.0 = Release|Any CPU
		{58DA991E-E070-4200-A064-5452E5D43FD2}.Debug|Any CPU.ActiveCfg = Debug|Any CPU
		{58DA991E-E070-4200-A064-5452E5D43FD2}.Debug|Any CPU.Build.0 = Debug|Any CPU
		{58DA991E-E070-4200-A064-5452E5D43FD2}.Release|Any CPU.ActiveCfg = Release|Any CPU
		{58DA991E-E070-4200-A064-5452E5D43FD2}.Release|Any CPU.Build.0 = Release|Any CPU
	EndGlobalSection
	GlobalSection(SolutionProperties) = preSolution
		HideSolutionNode = FALSE
	EndGlobalSection
	GlobalSection(ExtensibilityGlobals) = postSolution
		SolutionGuid = {99866033-E1DA-48FF-9F51-648A22D198F9}
	EndGlobalSection
EndGlobal
